// !$*UTF8*$!
{
	archiveVersion = 1;
	classes = {
	};
	objectVersion = 46;
	objects = {

/* Begin PBXBuildFile section */
		A7DE11EB1E161B290009EF26 /* AppDelegate.swift in Sources */ = {isa = PBXBuildFile; fileRef = A7DE11EA1E161B290009EF26 /* AppDelegate.swift */; };
		A7DE11ED1E161B290009EF26 /* ViewController.swift in Sources */ = {isa = PBXBuildFile; fileRef = A7DE11EC1E161B290009EF26 /* ViewController.swift */; };
		A7DE11F01E161B290009EF26 /* Main.storyboard in Resources */ = {isa = PBXBuildFile; fileRef = A7DE11EE1E161B290009EF26 /* Main.storyboard */; };
		A7DE11F21E161B290009EF26 /* Assets.xcassets in Resources */ = {isa = PBXBuildFile; fileRef = A7DE11F11E161B290009EF26 /* Assets.xcassets */; };
		A7DE11F51E161B290009EF26 /* LaunchScreen.storyboard in Resources */ = {isa = PBXBuildFile; fileRef = A7DE11F31E161B290009EF26 /* LaunchScreen.storyboard */; };
		A7DE12001E161B290009EF26 /* test_ccp_alamofire004Tests.swift in Sources */ = {isa = PBXBuildFile; fileRef = A7DE11FF1E161B290009EF26 /* test_ccp_alamofire004Tests.swift */; };
/* End PBXBuildFile section */

/* Begin PBXContainerItemProxy section */
		A7DE11FC1E161B290009EF26 /* PBXContainerItemProxy */ = {
			isa = PBXContainerItemProxy;
			containerPortal = A7DE11DF1E161B280009EF26 /* Project object */;
			proxyType = 1;
			remoteGlobalIDString = A7DE11E61E161B280009EF26;
			remoteInfo = "test-ccp-alamofire004";
		};
/* End PBXContainerItemProxy section */

/* Begin PBXFileReference section */
		A7DE11E71E161B280009EF26 /* test-ccp-alamofire004.app */ = {isa = PBXFileReference; explicitFileType = wrapper.application; includeInIndex = 0; path = "test-ccp-alamofire004.app"; sourceTree = BUILT_PRODUCTS_DIR; };
		A7DE11EA1E161B290009EF26 /* AppDelegate.swift */ = {isa = PBXFileReference; lastKnownFileType = sourcecode.swift; path = AppDelegate.swift; sourceTree = "<group>"; };
		A7DE11EC1E161B290009EF26 /* ViewController.swift */ = {isa = PBXFileReference; lastKnownFileType = sourcecode.swift; path = ViewController.swift; sourceTree = "<group>"; };
		A7DE11EF1E161B290009EF26 /* Base */ = {isa = PBXFileReference; lastKnownFileType = file.storyboard; name = Base; path = Base.lproj/Main.storyboard; sourceTree = "<group>"; };
		A7DE11F11E161B290009EF26 /* Assets.xcassets */ = {isa = PBXFileReference; lastKnownFileType = folder.assetcatalog; path = Assets.xcassets; sourceTree = "<group>"; };
		A7DE11F41E161B290009EF26 /* Base */ = {isa = PBXFileReference; lastKnownFileType = file.storyboard; name = Base; path = Base.lproj/LaunchScreen.storyboard; sourceTree = "<group>"; };
		A7DE11F61E161B290009EF26 /* Info.plist */ = {isa = PBXFileReference; lastKnownFileType = text.plist.xml; path = Info.plist; sourceTree = "<group>"; };
		A7DE11FB1E161B290009EF26 /* test-ccp-alamofire004Tests.xctest */ = {isa = PBXFileReference; explicitFileType = wrapper.cfbundle; includeInIndex = 0; path = "test-ccp-alamofire004Tests.xctest"; sourceTree = BUILT_PRODUCTS_DIR; };
		A7DE11FF1E161B290009EF26 /* test_ccp_alamofire004Tests.swift */ = {isa = PBXFileReference; lastKnownFileType = sourcecode.swift; path = test_ccp_alamofire004Tests.swift; sourceTree = "<group>"; };
		A7DE12011E161B290009EF26 /* Info.plist */ = {isa = PBXFileReference; lastKnownFileType = text.plist.xml; path = Info.plist; sourceTree = "<group>"; };
/* End PBXFileReference section */

/* Begin PBXFrameworksBuildPhase section */
		A7DE11E41E161B280009EF26 /* Frameworks */ = {
			isa = PBXFrameworksBuildPhase;
			buildActionMask = 2147483647;
			files = (
			);
			runOnlyForDeploymentPostprocessing = 0;
		};
		A7DE11F81E161B290009EF26 /* Frameworks */ = {
			isa = PBXFrameworksBuildPhase;
			buildActionMask = 2147483647;
			files = (
			);
			runOnlyForDeploymentPostprocessing = 0;
		};
/* End PBXFrameworksBuildPhase section */

/* Begin PBXGroup section */
		A7DE11DE1E161B280009EF26 = {
			isa = PBXGroup;
			children = (
				A7DE11E91E161B280009EF26 /* test-ccp-alamofire004 */,
				A7DE11FE1E161B290009EF26 /* test-ccp-alamofire004Tests */,
				A7DE11E81E161B280009EF26 /* Products */,
			);
			sourceTree = "<group>";
		};
		A7DE11E81E161B280009EF26 /* Products */ = {
			isa = PBXGroup;
			children = (
				A7DE11E71E161B280009EF26 /* test-ccp-alamofire004.app */,
				A7DE11FB1E161B290009EF26 /* test-ccp-alamofire004Tests.xctest */,
			);
			name = Products;
			sourceTree = "<group>";
		};
		A7DE11E91E161B280009EF26 /* test-ccp-alamofire004 */ = {
			isa = PBXGroup;
			children = (
				A7DE11EA1E161B290009EF26 /* AppDelegate.swift */,
				A7DE11EC1E161B290009EF26 /* ViewController.swift */,
				A7DE11EE1E161B290009EF26 /* Main.storyboard */,
				A7DE11F11E161B290009EF26 /* Assets.xcassets */,
				A7DE11F31E161B290009EF26 /* LaunchScreen.storyboard */,
				A7DE11F61E161B290009EF26 /* Info.plist */,
			);
			path = "test-ccp-alamofire004";
			sourceTree = "<group>";
		};
		A7DE11FE1E161B290009EF26 /* test-ccp-alamofire004Tests */ = {
			isa = PBXGroup;
			children = (
				A7DE11FF1E161B290009EF26 /* test_ccp_alamofire004Tests.swift */,
				A7DE12011E161B290009EF26 /* Info.plist */,
			);
			path = "test-ccp-alamofire004Tests";
			sourceTree = "<group>";
		};
/* End PBXGroup section */

/* Begin PBXNativeTarget section */
		A7DE11E61E161B280009EF26 /* test-ccp-alamofire004 */ = {
			isa = PBXNativeTarget;
			buildConfigurationList = A7DE12041E161B290009EF26 /* Build configuration list for PBXNativeTarget "test-ccp-alamofire004" */;
			buildPhases = (
				A7DE11E31E161B280009EF26 /* Sources */,
				A7DE11E41E161B280009EF26 /* Frameworks */,
				A7DE11E51E161B280009EF26 /* Resources */,
			);
			buildRules = (
			);
			dependencies = (
			);
			name = "test-ccp-alamofire004";
			productName = "test-ccp-alamofire004";
			productReference = A7DE11E71E161B280009EF26 /* test-ccp-alamofire004.app */;
			productType = "com.apple.product-type.application";
		};
		A7DE11FA1E161B290009EF26 /* test-ccp-alamofire004Tests */ = {
			isa = PBXNativeTarget;
			buildConfigurationList = A7DE12071E161B290009EF26 /* Build configuration list for PBXNativeTarget "test-ccp-alamofire004Tests" */;
			buildPhases = (
				A7DE11F71E161B290009EF26 /* Sources */,
				A7DE11F81E161B290009EF26 /* Frameworks */,
				A7DE11F91E161B290009EF26 /* Resources */,
			);
			buildRules = (
			);
			dependencies = (
				A7DE11FD1E161B290009EF26 /* PBXTargetDependency */,
			);
			name = "test-ccp-alamofire004Tests";
			productName = "test-ccp-alamofire004Tests";
			productReference = A7DE11FB1E161B290009EF26 /* test-ccp-alamofire004Tests.xctest */;
			productType = "com.apple.product-type.bundle.unit-test";
		};
/* End PBXNativeTarget section */

/* Begin PBXProject section */
		A7DE11DF1E161B280009EF26 /* Project object */ = {
			isa = PBXProject;
			attributes = {
				LastSwiftUpdateCheck = 0820;
				LastUpgradeCheck = 0820;
				ORGANIZATIONNAME = pair;
				TargetAttributes = {
					A7DE11E61E161B280009EF26 = {
						CreatedOnToolsVersion = 8.2;
						DevelopmentTeam = EPF99BXA3K;
						ProvisioningStyle = Automatic;
					};
					A7DE11FA1E161B290009EF26 = {
						CreatedOnToolsVersion = 8.2;
						DevelopmentTeam = EPF99BXA3K;
						ProvisioningStyle = Automatic;
						TestTargetID = A7DE11E61E161B280009EF26;
					};
				};
			};
			buildConfigurationList = A7DE11E21E161B280009EF26 /* Build configuration list for PBXProject "test-ccp-alamofire004" */;
			compatibilityVersion = "Xcode 3.2";
			developmentRegion = English;
			hasScannedForEncodings = 0;
			knownRegions = (
				en,
				Base,
			);
			mainGroup = A7DE11DE1E161B280009EF26;
			productRefGroup = A7DE11E81E161B280009EF26 /* Products */;
			projectDirPath = "";
			projectRoot = "";
			targets = (
				A7DE11E61E161B280009EF26 /* test-ccp-alamofire004 */,
				A7DE11FA1E161B290009EF26 /* test-ccp-alamofire004Tests */,
			);
		};
/* End PBXProject section */

/* Begin PBXResourcesBuildPhase section */
		A7DE11E51E161B280009EF26 /* Resources */ = {
			isa = PBXResourcesBuildPhase;
			buildActionMask = 2147483647;
			files = (
				A7DE11F51E161B290009EF26 /* LaunchScreen.storyboard in Resources */,
				A7DE11F21E161B290009EF26 /* Assets.xcassets in Resources */,
				A7DE11F01E161B290009EF26 /* Main.storyboard in Resources */,
			);
			runOnlyForDeploymentPostprocessing = 0;
		};
		A7DE11F91E161B290009EF26 /* Resources */ = {
			isa = PBXResourcesBuildPhase;
			buildActionMask = 2147483647;
			files = (
			);
			runOnlyForDeploymentPostprocessing = 0;
		};
/* End PBXResourcesBuildPhase section */

/* Begin PBXSourcesBuildPhase section */
		A7DE11E31E161B280009EF26 /* Sources */ = {
			isa = PBXSourcesBuildPhase;
			buildActionMask = 2147483647;
			files = (
				A7DE11ED1E161B290009EF26 /* ViewController.swift in Sources */,
				A7DE11EB1E161B290009EF26 /* AppDelegate.swift in Sources */,
			);
			runOnlyForDeploymentPostprocessing = 0;
		};
		A7DE11F71E161B290009EF26 /* Sources */ = {
			isa = PBXSourcesBuildPhase;
			buildActionMask = 2147483647;
			files = (
				A7DE12001E161B290009EF26 /* test_ccp_alamofire004Tests.swift in Sources */,
			);
			runOnlyForDeploymentPostprocessing = 0;
		};
/* End PBXSourcesBuildPhase section */

/* Begin PBXTargetDependency section */
		A7DE11FD1E161B290009EF26 /* PBXTargetDependency */ = {
			isa = PBXTargetDependency;
			target = A7DE11E61E161B280009EF26 /* test-ccp-alamofire004 */;
			targetProxy = A7DE11FC1E161B290009EF26 /* PBXContainerItemProxy */;
		};
/* End PBXTargetDependency section */

/* Begin PBXVariantGroup section */
		A7DE11EE1E161B290009EF26 /* Main.storyboard */ = {
			isa = PBXVariantGroup;
			children = (
				A7DE11EF1E161B290009EF26 /* Base */,
			);
			name = Main.storyboard;
			sourceTree = "<group>";
		};
		A7DE11F31E161B290009EF26 /* LaunchScreen.storyboard */ = {
			isa = PBXVariantGroup;
			children = (
				A7DE11F41E161B290009EF26 /* Base */,
			);
			name = LaunchScreen.storyboard;
			sourceTree = "<group>";
		};
/* End PBXVariantGroup section */

/* Begin XCBuildConfiguration section */
		A7DE12021E161B290009EF26 /* Debug */ = {
			isa = XCBuildConfiguration;
			buildSettings = {
				ALWAYS_SEARCH_USER_PATHS = NO;
				CLANG_ANALYZER_NONNULL = YES;
				CLANG_CXX_LANGUAGE_STANDARD = "gnu++0x";
				CLANG_CXX_LIBRARY = "libc++";
				CLANG_ENABLE_MODULES = YES;
				CLANG_ENABLE_OBJC_ARC = YES;
				CLANG_WARN_BOOL_CONVERSION = YES;
				CLANG_WARN_CONSTANT_CONVERSION = YES;
				CLANG_WARN_DIRECT_OBJC_ISA_USAGE = YES_ERROR;
				CLANG_WARN_DOCUMENTATION_COMMENTS = YES;
				CLANG_WARN_EMPTY_BODY = YES;
				CLANG_WARN_ENUM_CONVERSION = YES;
				CLANG_WARN_INFINITE_RECURSION = YES;
				CLANG_WARN_INT_CONVERSION = YES;
				CLANG_WARN_OBJC_ROOT_CLASS = YES_ERROR;
				CLANG_WARN_SUSPICIOUS_MOVE = YES;
				CLANG_WARN_UNREACHABLE_CODE = YES;
				CLANG_WARN__DUPLICATE_METHOD_MATCH = YES;
				"CODE_SIGN_IDENTITY[sdk=iphoneos*]" = "iPhone Developer";
				COPY_PHASE_STRIP = NO;
				DEBUG_INFORMATION_FORMAT = dwarf;
				ENABLE_STRICT_OBJC_MSGSEND = YES;
				ENABLE_TESTABILITY = YES;
				GCC_C_LANGUAGE_STANDARD = gnu99;
				GCC_DYNAMIC_NO_PIC = NO;
				GCC_NO_COMMON_BLOCKS = YES;
				GCC_OPTIMIZATION_LEVEL = 0;
				GCC_PREPROCESSOR_DEFINITIONS = (
					"DEBUG=1",
					"$(inherited)",
				);
				GCC_WARN_64_TO_32_BIT_CONVERSION = YES;
				GCC_WARN_ABOUT_RETURN_TYPE = YES_ERROR;
				GCC_WARN_UNDECLARED_SELECTOR = YES;
				GCC_WARN_UNINITIALIZED_AUTOS = YES_AGGRESSIVE;
				GCC_WARN_UNUSED_FUNCTION = YES;
				GCC_WARN_UNUSED_VARIABLE = YES;
				IPHONEOS_DEPLOYMENT_TARGET = 10.2;
				MTL_ENABLE_DEBUG_INFO = YES;
				ONLY_ACTIVE_ARCH = YES;
				SDKROOT = iphoneos;
				SWIFT_ACTIVE_COMPILATION_CONDITIONS = DEBUG;
				SWIFT_OPTIMIZATION_LEVEL = "-Onone";
			};
			name = Debug;
		};
		A7DE12031E161B290009EF26 /* Release */ = {
			isa = XCBuildConfiguration;
			buildSettings = {
				ALWAYS_SEARCH_USER_PATHS = NO;
				CLANG_ANALYZER_NONNULL = YES;
				CLANG_CXX_LANGUAGE_STANDARD = "gnu++0x";
				CLANG_CXX_LIBRARY = "libc++";
				CLANG_ENABLE_MODULES = YES;
				CLANG_ENABLE_OBJC_ARC = YES;
				CLANG_WARN_BOOL_CONVERSION = YES;
				CLANG_WARN_CONSTANT_CONVERSION = YES;
				CLANG_WARN_DIRECT_OBJC_ISA_USAGE = YES_ERROR;
				CLANG_WARN_DOCUMENTATION_COMMENTS = YES;
				CLANG_WARN_EMPTY_BODY = YES;
				CLANG_WARN_ENUM_CONVERSION = YES;
				CLANG_WARN_INFINITE_RECURSION = YES;
				CLANG_WARN_INT_CONVERSION = YES;
				CLANG_WARN_OBJC_ROOT_CLASS = YES_ERROR;
				CLANG_WARN_SUSPICIOUS_MOVE = YES;
				CLANG_WARN_UNREACHABLE_CODE = YES;
				CLANG_WARN__DUPLICATE_METHOD_MATCH = YES;
				"CODE_SIGN_IDENTITY[sdk=iphoneos*]" = "iPhone Developer";
				COPY_PHASE_STRIP = NO;
				DEBUG_INFORMATION_FORMAT = "dwarf-with-dsym";
				ENABLE_NS_ASSERTIONS = NO;
				ENABLE_STRICT_OBJC_MSGSEND = YES;
				GCC_C_LANGUAGE_STANDARD = gnu99;
				GCC_NO_COMMON_BLOCKS = YES;
				GCC_WARN_64_TO_32_BIT_CONVERSION = YES;
				GCC_WARN_ABOUT_RETURN_TYPE = YES_ERROR;
				GCC_WARN_UNDECLARED_SELECTOR = YES;
				GCC_WARN_UNINITIALIZED_AUTOS = YES_AGGRESSIVE;
				GCC_WARN_UNUSED_FUNCTION = YES;
				GCC_WARN_UNUSED_VARIABLE = YES;
				IPHONEOS_DEPLOYMENT_TARGET = 10.2;
				MTL_ENABLE_DEBUG_INFO = NO;
				SDKROOT = iphoneos;
				SWIFT_OPTIMIZATION_LEVEL = "-Owholemodule";
				VALIDATE_PRODUCT = YES;
			};
			name = Release;
		};
		A7DE12051E161B290009EF26 /* Debug */ = {
			isa = XCBuildConfiguration;
			buildSettings = {
				ASSETCATALOG_COMPILER_APPICON_NAME = AppIcon;
				DEVELOPMENT_TEAM = EPF99BXA3K;
				INFOPLIST_FILE = "test-ccp-alamofire004/Info.plist";
				LD_RUNPATH_SEARCH_PATHS = "$(inherited) @executable_path/Frameworks";
				PRODUCT_BUNDLE_IDENTIFIER = "com.visionrunner.test-ccp-alamofire004";
				PRODUCT_NAME = "$(TARGET_NAME)";
				SWIFT_VERSION = 3.0;
			};
			name = Debug;
		};
		A7DE12061E161B290009EF26 /* Release */ = {
			isa = XCBuildConfiguration;
			buildSettings = {
				ASSETCATALOG_COMPILER_APPICON_NAME = AppIcon;
				DEVELOPMENT_TEAM = EPF99BXA3K;
				INFOPLIST_FILE = "test-ccp-alamofire004/Info.plist";
				LD_RUNPATH_SEARCH_PATHS = "$(inherited) @executable_path/Frameworks";
				PRODUCT_BUNDLE_IDENTIFIER = "com.visionrunner.test-ccp-alamofire004";
				PRODUCT_NAME = "$(TARGET_NAME)";
				SWIFT_VERSION = 3.0;
			};
			name = Release;
		};
		A7DE12081E161B290009EF26 /* Debug */ = {
			isa = XCBuildConfiguration;
			buildSettings = {
				ALWAYS_EMBED_SWIFT_STANDARD_LIBRARIES = YES;
				BUNDLE_LOADER = "$(TEST_HOST)";
				DEVELOPMENT_TEAM = EPF99BXA3K;
				INFOPLIST_FILE = "test-ccp-alamofire004Tests/Info.plist";
				LD_RUNPATH_SEARCH_PATHS = "$(inherited) @executable_path/Frameworks @loader_path/Frameworks";
				PRODUCT_BUNDLE_IDENTIFIER = "com.visionrunner.test-ccp-alamofire004Tests";
				PRODUCT_NAME = "$(TARGET_NAME)";
				SWIFT_VERSION = 3.0;
				TEST_HOST = "$(BUILT_PRODUCTS_DIR)/test-ccp-alamofire004.app/test-ccp-alamofire004";
			};
			name = Debug;
		};
		A7DE12091E161B290009EF26 /* Release */ = {
			isa = XCBuildConfiguration;
			buildSettings = {
				ALWAYS_EMBED_SWIFT_STANDARD_LIBRARIES = YES;
				BUNDLE_LOADER = "$(TEST_HOST)";
				DEVELOPMENT_TEAM = EPF99BXA3K;
				INFOPLIST_FILE = "test-ccp-alamofire004Tests/Info.plist";
				LD_RUNPATH_SEARCH_PATHS = "$(inherited) @executable_path/Frameworks @loader_path/Frameworks";
				PRODUCT_BUNDLE_IDENTIFIER = "com.visionrunner.test-ccp-alamofire004Tests";
				PRODUCT_NAME = "$(TARGET_NAME)";
				SWIFT_VERSION = 3.0;
				TEST_HOST = "$(BUILT_PRODUCTS_DIR)/test-ccp-alamofire004.app/test-ccp-alamofire004";
			};
			name = Release;
		};
/* End XCBuildConfiguration section */

/* Begin XCConfigurationList section */
		A7DE11E21E161B280009EF26 /* Build configuration list for PBXProject "test-ccp-alamofire004" */ = {
			isa = XCConfigurationList;
			buildConfigurations = (
				A7DE12021E161B290009EF26 /* Debug */,
				A7DE12031E161B290009EF26 /* Release */,
			);
			defaultConfigurationIsVisible = 0;
			defaultConfigurationName = Release;
		};
		A7DE12041E161B290009EF26 /* Build configuration list for PBXNativeTarget "test-ccp-alamofire004" */ = {
			isa = XCConfigurationList;
			buildConfigurations = (
				A7DE12051E161B290009EF26 /* Debug */,
				A7DE12061E161B290009EF26 /* Release */,
			);
			defaultConfigurationIsVisible = 0;
		};
		A7DE12071E161B290009EF26 /* Build configuration list for PBXNativeTarget "test-ccp-alamofire004Tests" */ = {
			isa = XCConfigurationList;
			buildConfigurations = (
				A7DE12081E161B290009EF26 /* Debug */,
				A7DE12091E161B290009EF26 /* Release */,
			);
			defaultConfigurationIsVisible = 0;
		};
/* End XCConfigurationList section */
	};
	rootObject = A7DE11DF1E161B280009EF26 /* Project object */;
}
